// !$*UTF8*$!
{
	archiveVersion = 1;
	classes = {
	};
	objectVersion = 56;
	objects = {

/* Begin PBXBuildFile section */
		6AA88F1C2C104B6500DF94C0 /* AnimalBlueprint.swift in Sources */ = {isa = PBXBuildFile; fileRef = 6AA88F1B2C104B6500DF94C0 /* AnimalBlueprint.swift */; };
		6AA88F202C11AA8A00DF94C0 /* Meat.usdz in Resources */ = {isa = PBXBuildFile; fileRef = 6AA88F1F2C11AA8A00DF94C0 /* Meat.usdz */; };
		6AA88F222C11AA9E00DF94C0 /* Carrot.usdz in Resources */ = {isa = PBXBuildFile; fileRef = 6AA88F212C11AA9E00DF94C0 /* Carrot.usdz */; };
		6AA88F242C11AAA600DF94C0 /* Cow.usdz in Resources */ = {isa = PBXBuildFile; fileRef = 6AA88F232C11AAA600DF94C0 /* Cow.usdz */; };
		6AB889E12C0725D600D4D0AD /* Shiba.usdz in Resources */ = {isa = PBXBuildFile; fileRef = 6AB889E02C0725D600D4D0AD /* Shiba.usdz */; };
		6AE7D0792C0DA3C900F95D2C /* SanctuaryView.swift in Sources */ = {isa = PBXBuildFile; fileRef = 6AE7D0782C0DA3C900F95D2C /* SanctuaryView.swift */; };
		6AE7D07B2C0DA62300F95D2C /* Animal.swift in Sources */ = {isa = PBXBuildFile; fileRef = 6AE7D07A2C0DA62300F95D2C /* Animal.swift */; };
		6AEC93DB2C05C2F1003A54F5 /* AppDelegate.swift in Sources */ = {isa = PBXBuildFile; fileRef = 6AEC93DA2C05C2F1003A54F5 /* AppDelegate.swift */; };
		6AEC93DD2C05C2F1003A54F5 /* ContentView.swift in Sources */ = {isa = PBXBuildFile; fileRef = 6AEC93DC2C05C2F1003A54F5 /* ContentView.swift */; };
		6AEC93DF2C05C2F2003A54F5 /* Assets.xcassets in Resources */ = {isa = PBXBuildFile; fileRef = 6AEC93DE2C05C2F2003A54F5 /* Assets.xcassets */; };
		6AEC93E22C05C2F2003A54F5 /* Preview Assets.xcassets in Resources */ = {isa = PBXBuildFile; fileRef = 6AEC93E12C05C2F2003A54F5 /* Preview Assets.xcassets */; };
		6AEC93E92C05C4E7003A54F5 /* HomeView.swift in Sources */ = {isa = PBXBuildFile; fileRef = 6AEC93E82C05C4E7003A54F5 /* HomeView.swift */; };
		925F763E2C0886380048DB93 /* TameView.swift in Sources */ = {isa = PBXBuildFile; fileRef = 925F763D2C0886380048DB93 /* TameView.swift */; };
		925F76402C0886910048DB93 /* ModelRecognizer.swift in Sources */ = {isa = PBXBuildFile; fileRef = 925F763F2C0886910048DB93 /* ModelRecognizer.swift */; };
/* End PBXBuildFile section */

/* Begin PBXFileReference section */
		6AA88F1B2C104B6500DF94C0 /* AnimalBlueprint.swift */ = {isa = PBXFileReference; lastKnownFileType = sourcecode.swift; path = AnimalBlueprint.swift; sourceTree = "<group>"; };
		6AA88F1F2C11AA8A00DF94C0 /* Meat.usdz */ = {isa = PBXFileReference; lastKnownFileType = file.usdz; name = Meat.usdz; path = ../../../../Downloads/Meat.usdz; sourceTree = "<group>"; };
		6AA88F212C11AA9E00DF94C0 /* Carrot.usdz */ = {isa = PBXFileReference; lastKnownFileType = file.usdz; name = Carrot.usdz; path = ../../../../Downloads/Carrot.usdz; sourceTree = "<group>"; };
		6AA88F232C11AAA600DF94C0 /* Cow.usdz */ = {isa = PBXFileReference; lastKnownFileType = file.usdz; name = Cow.usdz; path = ../../../../Downloads/Cow.usdz; sourceTree = "<group>"; };
		6AB889E02C0725D600D4D0AD /* Shiba.usdz */ = {isa = PBXFileReference; lastKnownFileType = file.usdz; path = Shiba.usdz; sourceTree = "<group>"; };
		6ACA571A2C09C544009279B7 /* Info.plist */ = {isa = PBXFileReference; lastKnownFileType = text.plist; path = Info.plist; sourceTree = "<group>"; };
		6AE7D0782C0DA3C900F95D2C /* SanctuaryView.swift */ = {isa = PBXFileReference; lastKnownFileType = sourcecode.swift; path = SanctuaryView.swift; sourceTree = "<group>"; };
		6AE7D07A2C0DA62300F95D2C /* Animal.swift */ = {isa = PBXFileReference; lastKnownFileType = sourcecode.swift; path = Animal.swift; sourceTree = "<group>"; };
		6AEC93D72C05C2F1003A54F5 /* Kawan.app */ = {isa = PBXFileReference; explicitFileType = wrapper.application; includeInIndex = 0; path = Kawan.app; sourceTree = BUILT_PRODUCTS_DIR; };
		6AEC93DA2C05C2F1003A54F5 /* AppDelegate.swift */ = {isa = PBXFileReference; lastKnownFileType = sourcecode.swift; path = AppDelegate.swift; sourceTree = "<group>"; };
		6AEC93DC2C05C2F1003A54F5 /* ContentView.swift */ = {isa = PBXFileReference; lastKnownFileType = sourcecode.swift; path = ContentView.swift; sourceTree = "<group>"; };
		6AEC93DE2C05C2F2003A54F5 /* Assets.xcassets */ = {isa = PBXFileReference; lastKnownFileType = folder.assetcatalog; path = Assets.xcassets; sourceTree = "<group>"; };
		6AEC93E12C05C2F2003A54F5 /* Preview Assets.xcassets */ = {isa = PBXFileReference; lastKnownFileType = folder.assetcatalog; path = "Preview Assets.xcassets"; sourceTree = "<group>"; };
		6AEC93E82C05C4E7003A54F5 /* HomeView.swift */ = {isa = PBXFileReference; lastKnownFileType = sourcecode.swift; path = HomeView.swift; sourceTree = "<group>"; };
		925F763D2C0886380048DB93 /* TameView.swift */ = {isa = PBXFileReference; lastKnownFileType = sourcecode.swift; path = TameView.swift; sourceTree = "<group>"; };
		925F763F2C0886910048DB93 /* ModelRecognizer.swift */ = {isa = PBXFileReference; lastKnownFileType = sourcecode.swift; path = ModelRecognizer.swift; sourceTree = "<group>"; };
/* End PBXFileReference section */

/* Begin PBXFrameworksBuildPhase section */
		6AEC93D42C05C2F1003A54F5 /* Frameworks */ = {
			isa = PBXFrameworksBuildPhase;
			buildActionMask = 2147483647;
			files = (
			);
			runOnlyForDeploymentPostprocessing = 0;
		};
/* End PBXFrameworksBuildPhase section */

/* Begin PBXGroup section */
		6A055BD52C0EF2C100F8E36D /* Frameworks */ = {
			isa = PBXGroup;
			children = (
			);
			name = Frameworks;
			sourceTree = "<group>";
		};
		6AEC93CE2C05C2F1003A54F5 = {
			isa = PBXGroup;
			children = (
				6AEC93D92C05C2F1003A54F5 /* Kawan */,
				6AEC93D82C05C2F1003A54F5 /* Products */,
				6A055BD52C0EF2C100F8E36D /* Frameworks */,
			);
			sourceTree = "<group>";
		};
		6AEC93D82C05C2F1003A54F5 /* Products */ = {
			isa = PBXGroup;
			children = (
				6AEC93D72C05C2F1003A54F5 /* Kawan.app */,
			);
			name = Products;
			sourceTree = "<group>";
		};
		6AEC93D92C05C2F1003A54F5 /* Kawan */ = {
			isa = PBXGroup;
			children = (
				6AE7D07A2C0DA62300F95D2C /* Animal.swift */,
				6ACA571A2C09C544009279B7 /* Info.plist */,
				6AEC93DA2C05C2F1003A54F5 /* AppDelegate.swift */,
				6AEC93DC2C05C2F1003A54F5 /* ContentView.swift */,
				6AEC93DE2C05C2F2003A54F5 /* Assets.xcassets */,
				6AE7D0782C0DA3C900F95D2C /* SanctuaryView.swift */,
				6AEC93E82C05C4E7003A54F5 /* HomeView.swift */,
				6AEC93E02C05C2F2003A54F5 /* Preview Content */,
				925F763D2C0886380048DB93 /* TameView.swift */,
				925F763F2C0886910048DB93 /* ModelRecognizer.swift */,
				6AA88F1B2C104B6500DF94C0 /* AnimalBlueprint.swift */,
			);
			path = Kawan;
			sourceTree = "<group>";
		};
		6AEC93E02C05C2F2003A54F5 /* Preview Content */ = {
			isa = PBXGroup;
			children = (
				6AA88F232C11AAA600DF94C0 /* Cow.usdz */,
				6AA88F212C11AA9E00DF94C0 /* Carrot.usdz */,
				6AA88F1F2C11AA8A00DF94C0 /* Meat.usdz */,
				6AB889E02C0725D600D4D0AD /* Shiba.usdz */,
				6AEC93E12C05C2F2003A54F5 /* Preview Assets.xcassets */,
			);
			path = "Preview Content";
			sourceTree = "<group>";
		};
/* End PBXGroup section */

/* Begin PBXNativeTarget section */
		6AEC93D62C05C2F1003A54F5 /* Kawan */ = {
			isa = PBXNativeTarget;
			buildConfigurationList = 6AEC93E52C05C2F2003A54F5 /* Build configuration list for PBXNativeTarget "Kawan" */;
			buildPhases = (
				6AEC93D32C05C2F1003A54F5 /* Sources */,
				6AEC93D42C05C2F1003A54F5 /* Frameworks */,
				6AEC93D52C05C2F1003A54F5 /* Resources */,
			);
			buildRules = (
			);
			dependencies = (
			);
			name = Kawan;
			productName = Kawan;
			productReference = 6AEC93D72C05C2F1003A54F5 /* Kawan.app */;
			productType = "com.apple.product-type.application";
		};
/* End PBXNativeTarget section */

/* Begin PBXProject section */
		6AEC93CF2C05C2F1003A54F5 /* Project object */ = {
			isa = PBXProject;
			attributes = {
				BuildIndependentTargetsInParallel = 1;
				LastSwiftUpdateCheck = 1520;
				LastUpgradeCheck = 1520;
				TargetAttributes = {
					6AEC93D62C05C2F1003A54F5 = {
						CreatedOnToolsVersion = 15.2;
					};
				};
			};
			buildConfigurationList = 6AEC93D22C05C2F1003A54F5 /* Build configuration list for PBXProject "Kawan" */;
			compatibilityVersion = "Xcode 14.0";
			developmentRegion = en;
			hasScannedForEncodings = 0;
			knownRegions = (
				en,
				Base,
			);
			mainGroup = 6AEC93CE2C05C2F1003A54F5;
			productRefGroup = 6AEC93D82C05C2F1003A54F5 /* Products */;
			projectDirPath = "";
			projectRoot = "";
			targets = (
				6AEC93D62C05C2F1003A54F5 /* Kawan */,
			);
		};
/* End PBXProject section */

/* Begin PBXResourcesBuildPhase section */
		6AEC93D52C05C2F1003A54F5 /* Resources */ = {
			isa = PBXResourcesBuildPhase;
			buildActionMask = 2147483647;
			files = (
				6AA88F202C11AA8A00DF94C0 /* Meat.usdz in Resources */,
				6AEC93E22C05C2F2003A54F5 /* Preview Assets.xcassets in Resources */,
				6AA88F222C11AA9E00DF94C0 /* Carrot.usdz in Resources */,
				6AA88F242C11AAA600DF94C0 /* Cow.usdz in Resources */,
				6AEC93DF2C05C2F2003A54F5 /* Assets.xcassets in Resources */,
				6AB889E12C0725D600D4D0AD /* Shiba.usdz in Resources */,
			);
			runOnlyForDeploymentPostprocessing = 0;
		};
/* End PBXResourcesBuildPhase section */

/* Begin PBXSourcesBuildPhase section */
		6AEC93D32C05C2F1003A54F5 /* Sources */ = {
			isa = PBXSourcesBuildPhase;
			buildActionMask = 2147483647;
			files = (
				925F763E2C0886380048DB93 /* TameView.swift in Sources */,
				6AE7D07B2C0DA62300F95D2C /* Animal.swift in Sources */,
				6AEC93E92C05C4E7003A54F5 /* HomeView.swift in Sources */,
				6AEC93DD2C05C2F1003A54F5 /* ContentView.swift in Sources */,
				925F76402C0886910048DB93 /* ModelRecognizer.swift in Sources */,
				6AEC93DB2C05C2F1003A54F5 /* AppDelegate.swift in Sources */,
				6AE7D0792C0DA3C900F95D2C /* SanctuaryView.swift in Sources */,
				6AA88F1C2C104B6500DF94C0 /* AnimalBlueprint.swift in Sources */,
			);
			runOnlyForDeploymentPostprocessing = 0;
		};
/* End PBXSourcesBuildPhase section */

/* Begin XCBuildConfiguration section */
		6AEC93E32C05C2F2003A54F5 /* Debug */ = {
			isa = XCBuildConfiguration;
			buildSettings = {
				ALWAYS_SEARCH_USER_PATHS = NO;
				ASSETCATALOG_COMPILER_GENERATE_SWIFT_ASSET_SYMBOL_EXTENSIONS = YES;
				CLANG_ANALYZER_NONNULL = YES;
				CLANG_ANALYZER_NUMBER_OBJECT_CONVERSION = YES_AGGRESSIVE;
				CLANG_CXX_LANGUAGE_STANDARD = "gnu++20";
				CLANG_ENABLE_MODULES = YES;
				CLANG_ENABLE_OBJC_ARC = YES;
				CLANG_ENABLE_OBJC_WEAK = YES;
				CLANG_WARN_BLOCK_CAPTURE_AUTORELEASING = YES;
				CLANG_WARN_BOOL_CONVERSION = YES;
				CLANG_WARN_COMMA = YES;
				CLANG_WARN_CONSTANT_CONVERSION = YES;
				CLANG_WARN_DEPRECATED_OBJC_IMPLEMENTATIONS = YES;
				CLANG_WARN_DIRECT_OBJC_ISA_USAGE = YES_ERROR;
				CLANG_WARN_DOCUMENTATION_COMMENTS = YES;
				CLANG_WARN_EMPTY_BODY = YES;
				CLANG_WARN_ENUM_CONVERSION = YES;
				CLANG_WARN_INFINITE_RECURSION = YES;
				CLANG_WARN_INT_CONVERSION = YES;
				CLANG_WARN_NON_LITERAL_NULL_CONVERSION = YES;
				CLANG_WARN_OBJC_IMPLICIT_RETAIN_SELF = YES;
				CLANG_WARN_OBJC_LITERAL_CONVERSION = YES;
				CLANG_WARN_OBJC_ROOT_CLASS = YES_ERROR;
				CLANG_WARN_QUOTED_INCLUDE_IN_FRAMEWORK_HEADER = YES;
				CLANG_WARN_RANGE_LOOP_ANALYSIS = YES;
				CLANG_WARN_STRICT_PROTOTYPES = YES;
				CLANG_WARN_SUSPICIOUS_MOVE = YES;
				CLANG_WARN_UNGUARDED_AVAILABILITY = YES_AGGRESSIVE;
				CLANG_WARN_UNREACHABLE_CODE = YES;
				CLANG_WARN__DUPLICATE_METHOD_MATCH = YES;
				COPY_PHASE_STRIP = NO;
				DEBUG_INFORMATION_FORMAT = dwarf;
				ENABLE_STRICT_OBJC_MSGSEND = YES;
				ENABLE_TESTABILITY = YES;
				ENABLE_USER_SCRIPT_SANDBOXING = YES;
				GCC_C_LANGUAGE_STANDARD = gnu17;
				GCC_DYNAMIC_NO_PIC = NO;
				GCC_NO_COMMON_BLOCKS = YES;
				GCC_OPTIMIZATION_LEVEL = 0;
				GCC_PREPROCESSOR_DEFINITIONS = (
					"DEBUG=1",
					"$(inherited)",
				);
				GCC_WARN_64_TO_32_BIT_CONVERSION = YES;
				GCC_WARN_ABOUT_RETURN_TYPE = YES_ERROR;
				GCC_WARN_UNDECLARED_SELECTOR = YES;
				GCC_WARN_UNINITIALIZED_AUTOS = YES_AGGRESSIVE;
				GCC_WARN_UNUSED_FUNCTION = YES;
				GCC_WARN_UNUSED_VARIABLE = YES;
				IPHONEOS_DEPLOYMENT_TARGET = 17.2;
				LOCALIZATION_PREFERS_STRING_CATALOGS = YES;
				MTL_ENABLE_DEBUG_INFO = INCLUDE_SOURCE;
				MTL_FAST_MATH = YES;
				ONLY_ACTIVE_ARCH = YES;
				SDKROOT = iphoneos;
				SWIFT_ACTIVE_COMPILATION_CONDITIONS = "DEBUG $(inherited)";
				SWIFT_OPTIMIZATION_LEVEL = "-Onone";
			};
			name = Debug;
		};
		6AEC93E42C05C2F2003A54F5 /* Release */ = {
			isa = XCBuildConfiguration;
			buildSettings = {
				ALWAYS_SEARCH_USER_PATHS = NO;
				ASSETCATALOG_COMPILER_GENERATE_SWIFT_ASSET_SYMBOL_EXTENSIONS = YES;
				CLANG_ANALYZER_NONNULL = YES;
				CLANG_ANALYZER_NUMBER_OBJECT_CONVERSION = YES_AGGRESSIVE;
				CLANG_CXX_LANGUAGE_STANDARD = "gnu++20";
				CLANG_ENABLE_MODULES = YES;
				CLANG_ENABLE_OBJC_ARC = YES;
				CLANG_ENABLE_OBJC_WEAK = YES;
				CLANG_WARN_BLOCK_CAPTURE_AUTORELEASING = YES;
				CLANG_WARN_BOOL_CONVERSION = YES;
				CLANG_WARN_COMMA = YES;
				CLANG_WARN_CONSTANT_CONVERSION = YES;
				CLANG_WARN_DEPRECATED_OBJC_IMPLEMENTATIONS = YES;
				CLANG_WARN_DIRECT_OBJC_ISA_USAGE = YES_ERROR;
				CLANG_WARN_DOCUMENTATION_COMMENTS = YES;
				CLANG_WARN_EMPTY_BODY = YES;
				CLANG_WARN_ENUM_CONVERSION = YES;
				CLANG_WARN_INFINITE_RECURSION = YES;
				CLANG_WARN_INT_CONVERSION = YES;
				CLANG_WARN_NON_LITERAL_NULL_CONVERSION = YES;
				CLANG_WARN_OBJC_IMPLICIT_RETAIN_SELF = YES;
				CLANG_WARN_OBJC_LITERAL_CONVERSION = YES;
				CLANG_WARN_OBJC_ROOT_CLASS = YES_ERROR;
				CLANG_WARN_QUOTED_INCLUDE_IN_FRAMEWORK_HEADER = YES;
				CLANG_WARN_RANGE_LOOP_ANALYSIS = YES;
				CLANG_WARN_STRICT_PROTOTYPES = YES;
				CLANG_WARN_SUSPICIOUS_MOVE = YES;
				CLANG_WARN_UNGUARDED_AVAILABILITY = YES_AGGRESSIVE;
				CLANG_WARN_UNREACHABLE_CODE = YES;
				CLANG_WARN__DUPLICATE_METHOD_MATCH = YES;
				COPY_PHASE_STRIP = NO;
				DEBUG_INFORMATION_FORMAT = "dwarf-with-dsym";
				ENABLE_NS_ASSERTIONS = NO;
				ENABLE_STRICT_OBJC_MSGSEND = YES;
				ENABLE_USER_SCRIPT_SANDBOXING = YES;
				GCC_C_LANGUAGE_STANDARD = gnu17;
				GCC_NO_COMMON_BLOCKS = YES;
				GCC_WARN_64_TO_32_BIT_CONVERSION = YES;
				GCC_WARN_ABOUT_RETURN_TYPE = YES_ERROR;
				GCC_WARN_UNDECLARED_SELECTOR = YES;
				GCC_WARN_UNINITIALIZED_AUTOS = YES_AGGRESSIVE;
				GCC_WARN_UNUSED_FUNCTION = YES;
				GCC_WARN_UNUSED_VARIABLE = YES;
				IPHONEOS_DEPLOYMENT_TARGET = 17.2;
				LOCALIZATION_PREFERS_STRING_CATALOGS = YES;
				MTL_ENABLE_DEBUG_INFO = NO;
				MTL_FAST_MATH = YES;
				SDKROOT = iphoneos;
				SWIFT_COMPILATION_MODE = wholemodule;
				VALIDATE_PRODUCT = YES;
			};
			name = Release;
		};
		6AEC93E62C05C2F2003A54F5 /* Debug */ = {
			isa = XCBuildConfiguration;
			buildSettings = {
				ASSETCATALOG_COMPILER_APPICON_NAME = AppIcon;
				ASSETCATALOG_COMPILER_GLOBAL_ACCENT_COLOR_NAME = AccentColor;
				CODE_SIGN_STYLE = Automatic;
				CURRENT_PROJECT_VERSION = 1;
				DEVELOPMENT_ASSET_PATHS = "\"Kawan/Preview Content\"";
				DEVELOPMENT_TEAM = KKTJNS7KB7;
				ENABLE_PREVIEWS = YES;
				GENERATE_INFOPLIST_FILE = YES;
				INFOPLIST_FILE = Kawan/Info.plist;
				INFOPLIST_KEY_NSCameraUsageDescription = "";
				INFOPLIST_KEY_NSPhotoLibraryAddUsageDescription = "Please?";
				INFOPLIST_KEY_UIApplicationSupportsIndirectInputEvents = YES;
				INFOPLIST_KEY_UILaunchScreen_Generation = YES;
				INFOPLIST_KEY_UIRequiredDeviceCapabilities = arkit;
				INFOPLIST_KEY_UIStatusBarHidden = YES;
				INFOPLIST_KEY_UISupportedInterfaceOrientations_iPad = "UIInterfaceOrientationPortrait UIInterfaceOrientationPortraitUpsideDown UIInterfaceOrientationLandscapeLeft UIInterfaceOrientationLandscapeRight";
				INFOPLIST_KEY_UISupportedInterfaceOrientations_iPhone = "UIInterfaceOrientationPortrait UIInterfaceOrientationLandscapeLeft UIInterfaceOrientationLandscapeRight";
				LD_RUNPATH_SEARCH_PATHS = (
					"$(inherited)",
					"@executable_path/Frameworks",
				);
				MARKETING_VERSION = 1.0.0;
				PRODUCT_BUNDLE_IDENTIFIER = ada.Kawan;
				PRODUCT_NAME = "$(TARGET_NAME)";
				SWIFT_EMIT_LOC_STRINGS = YES;
				SWIFT_VERSION = 5.0;
				TARGETED_DEVICE_FAMILY = "1,2";
			};
			name = Debug;
		};
		6AEC93E72C05C2F2003A54F5 /* Release */ = {
			isa = XCBuildConfiguration;
			buildSettings = {
				ASSETCATALOG_COMPILER_APPICON_NAME = AppIcon;
				ASSETCATALOG_COMPILER_GLOBAL_ACCENT_COLOR_NAME = AccentColor;
				CODE_SIGN_STYLE = Automatic;
				CURRENT_PROJECT_VERSION = 1;
				DEVELOPMENT_ASSET_PATHS = "\"Kawan/Preview Content\"";
				DEVELOPMENT_TEAM = KKTJNS7KB7;
				ENABLE_PREVIEWS = YES;
				GENERATE_INFOPLIST_FILE = YES;
				INFOPLIST_FILE = Kawan/Info.plist;
				INFOPLIST_KEY_NSCameraUsageDescription = "";
				INFOPLIST_KEY_NSPhotoLibraryAddUsageDescription = "Please?";
				INFOPLIST_KEY_UIApplicationSupportsIndirectInputEvents = YES;
				INFOPLIST_KEY_UILaunchScreen_Generation = YES;
				INFOPLIST_KEY_UIRequiredDeviceCapabilities = arkit;
				INFOPLIST_KEY_UIStatusBarHidden = YES;
				INFOPLIST_KEY_UISupportedInterfaceOrientations_iPad = "UIInterfaceOrientationPortrait UIInterfaceOrientationPortraitUpsideDown UIInterfaceOrientationLandscapeLeft UIInterfaceOrientationLandscapeRight";
				INFOPLIST_KEY_UISupportedInterfaceOrientations_iPhone = "UIInterfaceOrientationPortrait UIInterfaceOrientationLandscapeLeft UIInterfaceOrientationLandscapeRight";
				LD_RUNPATH_SEARCH_PATHS = (
					"$(inherited)",
					"@executable_path/Frameworks",
				);
				MARKETING_VERSION = 1.0.0;
				PRODUCT_BUNDLE_IDENTIFIER = ada.Kawan;
				PRODUCT_NAME = "$(TARGET_NAME)";
				SWIFT_EMIT_LOC_STRINGS = YES;
				SWIFT_VERSION = 5.0;
				TARGETED_DEVICE_FAMILY = "1,2";
			};
			name = Release;
		};
/* End XCBuildConfiguration section */

/* Begin XCConfigurationList section */
		6AEC93D22C05C2F1003A54F5 /* Build configuration list for PBXProject "Kawan" */ = {
			isa = XCConfigurationList;
			buildConfigurations = (
				6AEC93E32C05C2F2003A54F5 /* Debug */,
				6AEC93E42C05C2F2003A54F5 /* Release */,
			);
			defaultConfigurationIsVisible = 0;
			defaultConfigurationName = Release;
		};
		6AEC93E52C05C2F2003A54F5 /* Build configuration list for PBXNativeTarget "Kawan" */ = {
			isa = XCConfigurationList;
			buildConfigurations = (
				6AEC93E62C05C2F2003A54F5 /* Debug */,
				6AEC93E72C05C2F2003A54F5 /* Release */,
			);
			defaultConfigurationIsVisible = 0;
			defaultConfigurationName = Release;
		};
/* End XCConfigurationList section */
	};
	rootObject = 6AEC93CF2C05C2F1003A54F5 /* Project object */;
}
